# This file is autogenerated, do not edit; changes may be undone by the next 'dep ensure'.


[[projects]]
  branch = "master"
  name = "github.com/google/btree"
  packages = ["."]
  revision = "e89373fe6b4a7413d7acd6da1725b83ef713e6e4"

[[projects]]
  branch = "master"
  name = "github.com/petar/GoLLRB"
  packages = ["llrb"]
  revision = "53be0d36a84c2a886ca057d34b6aa4468df9ccb4"

[[projects]]
  branch = "master"
  name = "github.com/shawnsmithdev/zermelo"
  packages = [
    ".",
    "zfloat32",
    "zfloat64",
    "zint",
    "zint32",
    "zint64",
    "zuint",
    "zuint32",
    "zuint64"
  ]
  revision = "923c5fac425e581dff30cd9c1ae7e3fef38900c4"

[solve-meta]
  analyzer-name = "dep"
  analyzer-version = 1
  inputs-digest = "d82b96ac86f235cef6f1a390e733b090f73b14ebf9d613c552d4f31a5b65eeab"
  solver-name = "gps-cdcl"
  solver-version = 1
